
Microsoft Visual Studio Solution File, Format Version 12.00
# Visual Studio Version 17
VisualStudioVersion = 17.6.33815.320
MinimumVisualStudioVersion = 10.0.40219.1
Project("{FAE04EC0-301F-11D3-BF4B-00C04F79EFBC}") = "Advent2023_5", "Advent2023_5.csproj", "{83F2FF98-9BC0-4C4B-8E82-8CD7BE07D815}"
EndProject
Global
	GlobalSection(SolutionConfigurationPlatforms) = preSolution
		Debug|Any CPU = Debug|Any CPU
		Release|Any CPU = Release|Any CPU
	EndGlobalSection
	GlobalSection(ProjectConfigurationPlatforms) = postSolution
		{83F2FF98-9BC0-4C4B-8E82-8CD7BE07D815}.Debug|Any CPU.ActiveCfg = Debug|Any CPU
		{83F2FF98-9BC0-4C4B-8E82-8CD7BE07D815}.Debug|Any CPU.Build.0 = Debug|Any CPU
		{83F2FF98-9BC0-4C4B-8E82-8CD7BE07D815}.Release|Any CPU.ActiveCfg = Release|Any CPU
		{83F2FF98-9BC0-4C4B-8E82-8CD7BE07D815}.Release|Any CPU.Build.0 = Release|Any CPU
	EndGlobalSection
	GlobalSection(SolutionProperties) = preSolution
		HideSolutionNode = FALSE
	EndGlobalSection
	GlobalSection(ExtensibilityGlobals) = postSolution
		SolutionGuid = {10B98DC0-518E-406F-BF55-41F662443F8E}
	EndGlobalSection
EndGlobal
